PODS:
  - DBChooser (1.1)
  - GCDWebServer (2.5):
    - GCDWebServer/Core
  - GCDWebServer/Core (2.5)
  - MBProgressHUD (0.9)
  - SSZipArchive (0.3.1)
  - ZipArchive (1.3.0)
  - zipzap (7.0)

DEPENDENCIES:
  - DBChooser (~> 1.1)
  - GCDWebServer (~> 2.5)
  - MBProgressHUD (~> 0.9)
  - SSZipArchive (~> 0.3)
  - ZipArchive (~> 1.3)
  - zipzap (~> 7.0)

SPEC CHECKSUMS:
  DBChooser: d192fb6fed4b727658ad53e7d341e9e306b6784d
  GCDWebServer: 42b25eb6dc20d83d73b2ba2ce547e2c96263a2cf
  MBProgressHUD: 2038dbcf3dce73215abed6001657043d53aa79a8
  SSZipArchive: 6dc0ea3fe4b55574bee23c9f01d7c0f8437d59ef
  ZipArchive: acd54f7131c2d2f45dc3f41c4f854501f222269f
  zipzap: 1c85484d8f89388fba8fb5824b2eae15b9ce8092

COCOAPODS: 0.33.1
