PODS:
  - DateTools (1.3.0)
  - DBChooser (1.1)
  - GCDWebServer (2.5):
    - GCDWebServer/Core
  - GCDWebServer/Core (2.5)
  - MBProgressHUD (0.9)
  - zipzap (7.0)

DEPENDENCIES:
  - DateTools (~> 1.3)
  - DBChooser (~> 1.1)
  - GCDWebServer (~> 2.5)
  - MBProgressHUD (~> 0.9)
  - zipzap (~> 7.0)

SPEC CHECKSUMS:
  DateTools: aa3131160337433a152c0228a2a1be2ff4ed3e05
  DBChooser: d192fb6fed4b727658ad53e7d341e9e306b6784d
  GCDWebServer: 42b25eb6dc20d83d73b2ba2ce547e2c96263a2cf
  MBProgressHUD: 2038dbcf3dce73215abed6001657043d53aa79a8
  zipzap: 1c85484d8f89388fba8fb5824b2eae15b9ce8092

COCOAPODS: 0.33.1
